// !$*UTF8*$!
{
	archiveVersion = 1;
	classes = {
	};
	objectVersion = 46;
	objects = {

/* Begin PBXBuildFile section */
		62B7ACA31DC9C95700E8C321 /* AppDelegate.swift in Sources */ = {isa = PBXBuildFile; fileRef = 62B7ACA21DC9C95700E8C321 /* AppDelegate.swift */; };
		62B7ACA81DC9C95700E8C321 /* Main.storyboard in Resources */ = {isa = PBXBuildFile; fileRef = 62B7ACA61DC9C95700E8C321 /* Main.storyboard */; };
		62B7ACAB1DC9C95700E8C321 /* MovieApp.xcdatamodeld in Sources */ = {isa = PBXBuildFile; fileRef = 62B7ACA91DC9C95700E8C321 /* MovieApp.xcdatamodeld */; };
		62B7ACAD1DC9C95700E8C321 /* Assets.xcassets in Resources */ = {isa = PBXBuildFile; fileRef = 62B7ACAC1DC9C95700E8C321 /* Assets.xcassets */; };
		62B7ACB01DC9C95700E8C321 /* LaunchScreen.storyboard in Resources */ = {isa = PBXBuildFile; fileRef = 62B7ACAE1DC9C95700E8C321 /* LaunchScreen.storyboard */; };
		62B8B0711DC9D6BE008F4163 /* mainTableViewController.swift in Sources */ = {isa = PBXBuildFile; fileRef = 62B8B0701DC9D6BE008F4163 /* mainTableViewController.swift */; };
		62B8B0731DC9DA03008F4163 /* CustomeTableViewCell.swift in Sources */ = {isa = PBXBuildFile; fileRef = 62B8B0721DC9DA03008F4163 /* CustomeTableViewCell.swift */; };
/* End PBXBuildFile section */

/* Begin PBXFileReference section */
		62B7AC9F1DC9C95700E8C321 /* MovieApp.app */ = {isa = PBXFileReference; explicitFileType = wrapper.application; includeInIndex = 0; path = MovieApp.app; sourceTree = BUILT_PRODUCTS_DIR; };
		62B7ACA21DC9C95700E8C321 /* AppDelegate.swift */ = {isa = PBXFileReference; lastKnownFileType = sourcecode.swift; path = AppDelegate.swift; sourceTree = "<group>"; };
		62B7ACA71DC9C95700E8C321 /* Base */ = {isa = PBXFileReference; lastKnownFileType = file.storyboard; name = Base; path = Base.lproj/Main.storyboard; sourceTree = "<group>"; };
		62B7ACAA1DC9C95700E8C321 /* MovieApp.xcdatamodel */ = {isa = PBXFileReference; lastKnownFileType = wrapper.xcdatamodel; path = MovieApp.xcdatamodel; sourceTree = "<group>"; };
		62B7ACAC1DC9C95700E8C321 /* Assets.xcassets */ = {isa = PBXFileReference; lastKnownFileType = folder.assetcatalog; path = Assets.xcassets; sourceTree = "<group>"; };
		62B7ACAF1DC9C95700E8C321 /* Base */ = {isa = PBXFileReference; lastKnownFileType = file.storyboard; name = Base; path = Base.lproj/LaunchScreen.storyboard; sourceTree = "<group>"; };
		62B7ACB11DC9C95700E8C321 /* Info.plist */ = {isa = PBXFileReference; lastKnownFileType = text.plist.xml; path = Info.plist; sourceTree = "<group>"; };
		62B8B0701DC9D6BE008F4163 /* mainTableViewController.swift */ = {isa = PBXFileReference; fileEncoding = 4; lastKnownFileType = sourcecode.swift; name = mainTableViewController.swift; path = ../mainTableViewController.swift; sourceTree = "<group>"; };
		62B8B0721DC9DA03008F4163 /* CustomeTableViewCell.swift */ = {isa = PBXFileReference; fileEncoding = 4; lastKnownFileType = sourcecode.swift; path = CustomeTableViewCell.swift; sourceTree = "<group>"; };
/* End PBXFileReference section */

/* Begin PBXFrameworksBuildPhase section */
		62B7AC9C1DC9C95700E8C321 /* Frameworks */ = {
			isa = PBXFrameworksBuildPhase;
			buildActionMask = 2147483647;
			files = (
			);
			runOnlyForDeploymentPostprocessing = 0;
		};
/* End PBXFrameworksBuildPhase section */

/* Begin PBXGroup section */
		62B7AC961DC9C95700E8C321 = {
			isa = PBXGroup;
			children = (
				62B7ACA11DC9C95700E8C321 /* MovieApp */,
				62B7ACA01DC9C95700E8C321 /* Products */,
			);
			sourceTree = "<group>";
		};
		62B7ACA01DC9C95700E8C321 /* Products */ = {
			isa = PBXGroup;
			children = (
				62B7AC9F1DC9C95700E8C321 /* MovieApp.app */,
			);
			name = Products;
			sourceTree = "<group>";
		};
		62B7ACA11DC9C95700E8C321 /* MovieApp */ = {
			isa = PBXGroup;
			children = (
				62B7ACA21DC9C95700E8C321 /* AppDelegate.swift */,
				62B8B0701DC9D6BE008F4163 /* mainTableViewController.swift */,
				62B7ACA61DC9C95700E8C321 /* Main.storyboard */,
				62B8B0721DC9DA03008F4163 /* CustomeTableViewCell.swift */,
				62B7ACAC1DC9C95700E8C321 /* Assets.xcassets */,
				62B7ACAE1DC9C95700E8C321 /* LaunchScreen.storyboard */,
				62B7ACB11DC9C95700E8C321 /* Info.plist */,
				62B7ACA91DC9C95700E8C321 /* MovieApp.xcdatamodeld */,
			);
			path = MovieApp;
			sourceTree = "<group>";
		};
/* End PBXGroup section */

/* Begin PBXNativeTarget section */
		62B7AC9E1DC9C95700E8C321 /* MovieApp */ = {
			isa = PBXNativeTarget;
			buildConfigurationList = 62B7ACB41DC9C95700E8C321 /* Build configuration list for PBXNativeTarget "MovieApp" */;
			buildPhases = (
				62B7AC9B1DC9C95700E8C321 /* Sources */,
				62B7AC9C1DC9C95700E8C321 /* Frameworks */,
				62B7AC9D1DC9C95700E8C321 /* Resources */,
			);
			buildRules = (
			);
			dependencies = (
			);
			name = MovieApp;
			productName = MovieApp;
			productReference = 62B7AC9F1DC9C95700E8C321 /* MovieApp.app */;
			productType = "com.apple.product-type.application";
		};
/* End PBXNativeTarget section */

/* Begin PBXProject section */
		62B7AC971DC9C95700E8C321 /* Project object */ = {
			isa = PBXProject;
			attributes = {
				LastSwiftUpdateCheck = 0730;
				LastUpgradeCheck = 0730;
				ORGANIZATIONNAME = "include tech.";
				TargetAttributes = {
					62B7AC9E1DC9C95700E8C321 = {
						CreatedOnToolsVersion = 7.3.1;
					};
				};
			};
			buildConfigurationList = 62B7AC9A1DC9C95700E8C321 /* Build configuration list for PBXProject "MovieApp" */;
			compatibilityVersion = "Xcode 3.2";
			developmentRegion = English;
			hasScannedForEncodings = 0;
			knownRegions = (
				en,
				Base,
			);
			mainGroup = 62B7AC961DC9C95700E8C321;
			productRefGroup = 62B7ACA01DC9C95700E8C321 /* Products */;
			projectDirPath = "";
			projectRoot = "";
			targets = (
				62B7AC9E1DC9C95700E8C321 /* MovieApp */,
			);
		};
/* End PBXProject section */

/* Begin PBXResourcesBuildPhase section */
		62B7AC9D1DC9C95700E8C321 /* Resources */ = {
			isa = PBXResourcesBuildPhase;
			buildActionMask = 2147483647;
			files = (
				62B7ACB01DC9C95700E8C321 /* LaunchScreen.storyboard in Resources */,
				62B7ACAD1DC9C95700E8C321 /* Assets.xcassets in Resources */,
				62B7ACA81DC9C95700E8C321 /* Main.storyboard in Resources */,
			);
			runOnlyForDeploymentPostprocessing = 0;
		};
/* End PBXResourcesBuildPhase section */

/* Begin PBXSourcesBuildPhase section */
		62B7AC9B1DC9C95700E8C321 /* Sources */ = {
			isa = PBXSourcesBuildPhase;
			buildActionMask = 2147483647;
			files = (
				62B8B0731DC9DA03008F4163 /* CustomeTableViewCell.swift in Sources */,
				62B7ACA31DC9C95700E8C321 /* AppDelegate.swift in Sources */,
				62B8B0711DC9D6BE008F4163 /* mainTableViewController.swift in Sources */,
				62B7ACAB1DC9C95700E8C321 /* MovieApp.xcdatamodeld in Sources */,
			);
			runOnlyForDeploymentPostprocessing = 0;
		};
/* End PBXSourcesBuildPhase section */

/* Begin PBXVariantGroup section */
		62B7ACA61DC9C95700E8C321 /* Main.storyboard */ = {
			isa = PBXVariantGroup;
			children = (
				62B7ACA71DC9C95700E8C321 /* Base */,
			);
			name = Main.storyboard;
			sourceTree = "<group>";
		};
		62B7ACAE1DC9C95700E8C321 /* LaunchScreen.storyboard */ = {
			isa = PBXVariantGroup;
			children = (
				62B7ACAF1DC9C95700E8C321 /* Base */,
			);
			name = LaunchScreen.storyboard;
			sourceTree = "<group>";
		};
/* End PBXVariantGroup section */

/* Begin XCBuildConfiguration section */
		62B7ACB21DC9C95700E8C321 /* Debug */ = {
			isa = XCBuildConfiguration;
			buildSettings = {
				ALWAYS_SEARCH_USER_PATHS = NO;
				CLANG_ANALYZER_NONNULL = YES;
				CLANG_CXX_LANGUAGE_STANDARD = "gnu++0x";
				CLANG_CXX_LIBRARY = "libc++";
				CLANG_ENABLE_MODULES = YES;
				CLANG_ENABLE_OBJC_ARC = YES;
				CLANG_WARN_BOOL_CONVERSION = YES;
				CLANG_WARN_CONSTANT_CONVERSION = YES;
				CLANG_WARN_DIRECT_OBJC_ISA_USAGE = YES_ERROR;
				CLANG_WARN_EMPTY_BODY = YES;
				CLANG_WARN_ENUM_CONVERSION = YES;
				CLANG_WARN_INT_CONVERSION = YES;
				CLANG_WARN_OBJC_ROOT_CLASS = YES_ERROR;
				CLANG_WARN_UNREACHABLE_CODE = YES;
				CLANG_WARN__DUPLICATE_METHOD_MATCH = YES;
				"CODE_SIGN_IDENTITY[sdk=iphoneos*]" = "iPhone Developer";
				COPY_PHASE_STRIP = NO;
				DEBUG_INFORMATION_FORMAT = dwarf;
				ENABLE_STRICT_OBJC_MSGSEND = YES;
				ENABLE_TESTABILITY = YES;
				GCC_C_LANGUAGE_STANDARD = gnu99;
				GCC_DYNAMIC_NO_PIC = NO;
				GCC_NO_COMMON_BLOCKS = YES;
				GCC_OPTIMIZATION_LEVEL = 0;
				GCC_PREPROCESSOR_DEFINITIONS = (
					"DEBUG=1",
					"$(inherited)",
				);
				GCC_WARN_64_TO_32_BIT_CONVERSION = YES;
				GCC_WARN_ABOUT_RETURN_TYPE = YES_ERROR;
				GCC_WARN_UNDECLARED_SELECTOR = YES;
				GCC_WARN_UNINITIALIZED_AUTOS = YES_AGGRESSIVE;
				GCC_WARN_UNUSED_FUNCTION = YES;
				GCC_WARN_UNUSED_VARIABLE = YES;
				IPHONEOS_DEPLOYMENT_TARGET = 9.3;
				MTL_ENABLE_DEBUG_INFO = YES;
				ONLY_ACTIVE_ARCH = YES;
				SDKROOT = iphoneos;
				SWIFT_OPTIMIZATION_LEVEL = "-Onone";
				TARGETED_DEVICE_FAMILY = "1,2";
			};
			name = Debug;
		};
		62B7ACB31DC9C95700E8C321 /* Release */ = {
			isa = XCBuildConfiguration;
			buildSettings = {
				ALWAYS_SEARCH_USER_PATHS = NO;
				CLANG_ANALYZER_NONNULL = YES;
				CLANG_CXX_LANGUAGE_STANDARD = "gnu++0x";
				CLANG_CXX_LIBRARY = "libc++";
				CLANG_ENABLE_MODULES = YES;
				CLANG_ENABLE_OBJC_ARC = YES;
				CLANG_WARN_BOOL_CONVERSION = YES;
				CLANG_WARN_CONSTANT_CONVERSION = YES;
				CLANG_WARN_DIRECT_OBJC_ISA_USAGE = YES_ERROR;
				CLANG_WARN_EMPTY_BODY = YES;
				CLANG_WARN_ENUM_CONVERSION = YES;
				CLANG_WARN_INT_CONVERSION = YES;
				CLANG_WARN_OBJC_ROOT_CLASS = YES_ERROR;
				CLANG_WARN_UNREACHABLE_CODE = YES;
				CLANG_WARN__DUPLICATE_METHOD_MATCH = YES;
				"CODE_SIGN_IDENTITY[sdk=iphoneos*]" = "iPhone Developer";
				COPY_PHASE_STRIP = NO;
				DEBUG_INFORMATION_FORMAT = "dwarf-with-dsym";
				ENABLE_NS_ASSERTIONS = NO;
				ENABLE_STRICT_OBJC_MSGSEND = YES;
				GCC_C_LANGUAGE_STANDARD = gnu99;
				GCC_NO_COMMON_BLOCKS = YES;
				GCC_WARN_64_TO_32_BIT_CONVERSION = YES;
				GCC_WARN_ABOUT_RETURN_TYPE = YES_ERROR;
				GCC_WARN_UNDECLARED_SELECTOR = YES;
				GCC_WARN_UNINITIALIZED_AUTOS = YES_AGGRESSIVE;
				GCC_WARN_UNUSED_FUNCTION = YES;
				GCC_WARN_UNUSED_VARIABLE = YES;
				IPHONEOS_DEPLOYMENT_TARGET = 9.3;
				MTL_ENABLE_DEBUG_INFO = NO;
				SDKROOT = iphoneos;
				TARGETED_DEVICE_FAMILY = "1,2";
				VALIDATE_PRODUCT = YES;
			};
			name = Release;
		};
		62B7ACB51DC9C95700E8C321 /* Debug */ = {
			isa = XCBuildConfiguration;
			buildSettings = {
				ASSETCATALOG_COMPILER_APPICON_NAME = AppIcon;
				INFOPLIST_FILE = MovieApp/Info.plist;
				LD_RUNPATH_SEARCH_PATHS = "$(inherited) @executable_path/Frameworks";
				PRODUCT_BUNDLE_IDENTIFIER = com.a.MovieApp;
				PRODUCT_NAME = "$(TARGET_NAME)";
			};
			name = Debug;
		};
		62B7ACB61DC9C95700E8C321 /* Release */ = {
			isa = XCBuildConfiguration;
			buildSettings = {
				ASSETCATALOG_COMPILER_APPICON_NAME = AppIcon;
				INFOPLIST_FILE = MovieApp/Info.plist;
				LD_RUNPATH_SEARCH_PATHS = "$(inherited) @executable_path/Frameworks";
				PRODUCT_BUNDLE_IDENTIFIER = com.a.MovieApp;
				PRODUCT_NAME = "$(TARGET_NAME)";
			};
			name = Release;
		};
/* End XCBuildConfiguration section */

/* Begin XCConfigurationList section */
		62B7AC9A1DC9C95700E8C321 /* Build configuration list for PBXProject "MovieApp" */ = {
			isa = XCConfigurationList;
			buildConfigurations = (
				62B7ACB21DC9C95700E8C321 /* Debug */,
				62B7ACB31DC9C95700E8C321 /* Release */,
			);
			defaultConfigurationIsVisible = 0;
			defaultConfigurationName = Release;
		};
		62B7ACB41DC9C95700E8C321 /* Build configuration list for PBXNativeTarget "MovieApp" */ = {
			isa = XCConfigurationList;
			buildConfigurations = (
				62B7ACB51DC9C95700E8C321 /* Debug */,
				62B7ACB61DC9C95700E8C321 /* Release */,
			);
			defaultConfigurationIsVisible = 0;
			defaultConfigurationName = Release;
		};
/* End XCConfigurationList section */

/* Begin XCVersionGroup section */
		62B7ACA91DC9C95700E8C321 /* MovieApp.xcdatamodeld */ = {
			isa = XCVersionGroup;
			children = (
				62B7ACAA1DC9C95700E8C321 /* MovieApp.xcdatamodel */,
			);
			currentVersion = 62B7ACAA1DC9C95700E8C321 /* MovieApp.xcdatamodel */;
			path = MovieApp.xcdatamodeld;
			sourceTree = "<group>";
			versionGroupType = wrapper.xcdatamodel;
		};
/* End XCVersionGroup section */
	};
	rootObject = 62B7AC971DC9C95700E8C321 /* Project object */;
}
